
Microsoft Visual Studio Solution File, Format Version 12.00
# Visual Studio 15
VisualStudioVersion = 15.0.26430.14
MinimumVisualStudioVersion = 10.0.40219.1
Project("{FAE04EC0-301F-11D3-BF4B-00C04F79EFBC}") = "Golf Booking System", "Golf Booking System\Golf Booking System.csproj", "{501AC520-65F8-43D2-93EA-85ACE7C76922}"
EndProject
Global
	GlobalSection(Performance) = preSolution
		HasPerformanceSessions = true
	EndGlobalSection
	GlobalSection(SolutionConfigurationPlatforms) = preSolution
		Debug|Any CPU = Debug|Any CPU
		Release|Any CPU = Release|Any CPU
	EndGlobalSection
	GlobalSection(ProjectConfigurationPlatforms) = postSolution
		{501AC520-65F8-43D2-93EA-85ACE7C76922}.Debug|Any CPU.ActiveCfg = Debug|Any CPU
		{501AC520-65F8-43D2-93EA-85ACE7C76922}.Debug|Any CPU.Build.0 = Debug|Any CPU
		{501AC520-65F8-43D2-93EA-85ACE7C76922}.Release|Any CPU.ActiveCfg = Release|Any CPU
		{501AC520-65F8-43D2-93EA-85ACE7C76922}.Release|Any CPU.Build.0 = Release|Any CPU
	EndGlobalSection
	GlobalSection(SolutionProperties) = preSolution
		HideSolutionNode = FALSE
	EndGlobalSection
	GlobalSection(ExtensibilityGlobals) = postSolution
		SolutionGuid = {7A3D6BA0-7995-47E3-86E3-3798589A8345}
	EndGlobalSection
EndGlobal
